
Microsoft Visual Studio Solution File, Format Version 12.00
# Visual Studio Version 16
VisualStudioVersion = 16.0.31129.286
MinimumVisualStudioVersion = 10.0.40219.1
Project("{FAE04EC0-301F-11D3-BF4B-00C04F79EFBC}") = "WebApplicationFirst", "WebApplicationFirst\WebApplicationFirst.csproj", "{BC5A905F-1F1F-4581-AC09-2F9B791B23B8}"
EndProject
Global
	GlobalSection(SolutionConfigurationPlatforms) = preSolution
		Debug|Any CPU = Debug|Any CPU
		Release|Any CPU = Release|Any CPU
	EndGlobalSection
	GlobalSection(ProjectConfigurationPlatforms) = postSolution
		{BC5A905F-1F1F-4581-AC09-2F9B791B23B8}.Debug|Any CPU.ActiveCfg = Debug|Any CPU
		{BC5A905F-1F1F-4581-AC09-2F9B791B23B8}.Debug|Any CPU.Build.0 = Debug|Any CPU
		{BC5A905F-1F1F-4581-AC09-2F9B791B23B8}.Release|Any CPU.ActiveCfg = Release|Any CPU
		{BC5A905F-1F1F-4581-AC09-2F9B791B23B8}.Release|Any CPU.Build.0 = Release|Any CPU
	EndGlobalSection
	GlobalSection(SolutionProperties) = preSolution
		HideSolutionNode = FALSE
	EndGlobalSection
	GlobalSection(ExtensibilityGlobals) = postSolution
		SolutionGuid = {EA5A3C8E-8CB5-4718-86F7-0EA3FA0C77A3}
	EndGlobalSection
EndGlobal
